// !$*UTF8*$!
{
	archiveVersion = 1;
	classes = {
	};
	objectVersion = 46;
	objects = {

/* Begin PBXBuildFile section */
		AEC3548C1CE2954E000E643C /* Plugin3.m in Sources */ = {isa = PBXBuildFile; fileRef = AEC3548B1CE2954E000E643C /* Plugin3.m */; };
/* End PBXBuildFile section */

/* Begin PBXFileReference section */
		AEC354811CE29503000E643C /* Plugin3.bundle */ = {isa = PBXFileReference; explicitFileType = wrapper.cfbundle; includeInIndex = 0; path = Plugin3.bundle; sourceTree = BUILT_PRODUCTS_DIR; };
		AEC354841CE29503000E643C /* Info.plist */ = {isa = PBXFileReference; lastKnownFileType = text.plist.xml; path = Info.plist; sourceTree = "<group>"; };
		AEC3548A1CE2954E000E643C /* Plugin3.h */ = {isa = PBXFileReference; fileEncoding = 4; lastKnownFileType = sourcecode.c.h; path = Plugin3.h; sourceTree = "<group>"; };
		AEC3548B1CE2954E000E643C /* Plugin3.m */ = {isa = PBXFileReference; fileEncoding = 4; lastKnownFileType = sourcecode.c.objc; path = Plugin3.m; sourceTree = "<group>"; };
		AEC3548E1CE29575000E643C /* AppPlugin.h */ = {isa = PBXFileReference; fileEncoding = 4; lastKnownFileType = sourcecode.c.h; path = AppPlugin.h; sourceTree = "<group>"; };
/* End PBXFileReference section */

/* Begin PBXFrameworksBuildPhase section */
		AEC3547E1CE29503000E643C /* Frameworks */ = {
			isa = PBXFrameworksBuildPhase;
			buildActionMask = 2147483647;
			files = (
			);
			runOnlyForDeploymentPostprocessing = 0;
		};
/* End PBXFrameworksBuildPhase section */

/* Begin PBXGroup section */
		AEC354781CE29503000E643C = {
			isa = PBXGroup;
			children = (
				AEC3548D1CE29565000E643C /* CommonPluginHeaders */,
				AEC354831CE29503000E643C /* Plugin3 */,
				AEC354821CE29503000E643C /* Products */,
			);
			sourceTree = "<group>";
		};
		AEC354821CE29503000E643C /* Products */ = {
			isa = PBXGroup;
			children = (
				AEC354811CE29503000E643C /* Plugin3.bundle */,
			);
			name = Products;
			sourceTree = "<group>";
		};
		AEC354831CE29503000E643C /* Plugin3 */ = {
			isa = PBXGroup;
			children = (
				AEC354841CE29503000E643C /* Info.plist */,
				AEC3548A1CE2954E000E643C /* Plugin3.h */,
				AEC3548B1CE2954E000E643C /* Plugin3.m */,
			);
			path = Plugin3;
			sourceTree = "<group>";
		};
		AEC3548D1CE29565000E643C /* CommonPluginHeaders */ = {
			isa = PBXGroup;
			children = (
				AEC3548E1CE29575000E643C /* AppPlugin.h */,
			);
			name = CommonPluginHeaders;
			path = ../CommonPluginHeaders;
			sourceTree = "<group>";
		};
/* End PBXGroup section */

/* Begin PBXNativeTarget section */
		AEC354801CE29503000E643C /* Plugin3 */ = {
			isa = PBXNativeTarget;
			buildConfigurationList = AEC354871CE29503000E643C /* Build configuration list for PBXNativeTarget "Plugin3" */;
			buildPhases = (
				AEC3547D1CE29503000E643C /* Sources */,
				AEC3547E1CE29503000E643C /* Frameworks */,
				AEC3547F1CE29503000E643C /* Resources */,
			);
			buildRules = (
			);
			dependencies = (
			);
			name = Plugin3;
			productName = Plugin3;
			productReference = AEC354811CE29503000E643C /* Plugin3.bundle */;
			productType = "com.apple.product-type.bundle";
		};
/* End PBXNativeTarget section */

/* Begin PBXProject section */
		AEC354791CE29503000E643C /* Project object */ = {
			isa = PBXProject;
			attributes = {
				LastUpgradeCheck = 0730;
				TargetAttributes = {
					AEC354801CE29503000E643C = {
						CreatedOnToolsVersion = 7.3;
					};
				};
			};
			buildConfigurationList = AEC3547C1CE29503000E643C /* Build configuration list for PBXProject "Plugin3" */;
			compatibilityVersion = "Xcode 3.2";
			developmentRegion = English;
			hasScannedForEncodings = 0;
			knownRegions = (
				en,
			);
			mainGroup = AEC354781CE29503000E643C;
			productRefGroup = AEC354821CE29503000E643C /* Products */;
			projectDirPath = "";
			projectRoot = "";
			targets = (
				AEC354801CE29503000E643C /* Plugin3 */,
			);
		};
/* End PBXProject section */

/* Begin PBXResourcesBuildPhase section */
		AEC3547F1CE29503000E643C /* Resources */ = {
			isa = PBXResourcesBuildPhase;
			buildActionMask = 2147483647;
			files = (
			);
			runOnlyForDeploymentPostprocessing = 0;
		};
/* End PBXResourcesBuildPhase section */

/* Begin PBXSourcesBuildPhase section */
		AEC3547D1CE29503000E643C /* Sources */ = {
			isa = PBXSourcesBuildPhase;
			buildActionMask = 2147483647;
			files = (
				AEC3548C1CE2954E000E643C /* Plugin3.m in Sources */,
			);
			runOnlyForDeploymentPostprocessing = 0;
		};
/* End PBXSourcesBuildPhase section */

/* Begin XCBuildConfiguration section */
		AEC354851CE29503000E643C /* Debug */ = {
			isa = XCBuildConfiguration;
			buildSettings = {
				ALWAYS_SEARCH_USER_PATHS = NO;
				CLANG_ANALYZER_NONNULL = YES;
				CLANG_CXX_LANGUAGE_STANDARD = "gnu++0x";
				CLANG_CXX_LIBRARY = "libc++";
				CLANG_ENABLE_MODULES = YES;
				CLANG_ENABLE_OBJC_ARC = YES;
				CLANG_WARN_BOOL_CONVERSION = YES;
				CLANG_WARN_CONSTANT_CONVERSION = YES;
				CLANG_WARN_DIRECT_OBJC_ISA_USAGE = YES_ERROR;
				CLANG_WARN_EMPTY_BODY = YES;
				CLANG_WARN_ENUM_CONVERSION = YES;
				CLANG_WARN_INT_CONVERSION = YES;
				CLANG_WARN_OBJC_ROOT_CLASS = YES_ERROR;
				CLANG_WARN_UNREACHABLE_CODE = YES;
				CLANG_WARN__DUPLICATE_METHOD_MATCH = YES;
				COPY_PHASE_STRIP = NO;
				DEBUG_INFORMATION_FORMAT = dwarf;
				ENABLE_STRICT_OBJC_MSGSEND = YES;
				ENABLE_TESTABILITY = YES;
				GCC_C_LANGUAGE_STANDARD = gnu99;
				GCC_DYNAMIC_NO_PIC = NO;
				GCC_NO_COMMON_BLOCKS = YES;
				GCC_OPTIMIZATION_LEVEL = 0;
				GCC_PREPROCESSOR_DEFINITIONS = (
					"DEBUG=1",
					"$(inherited)",
				);
				GCC_WARN_64_TO_32_BIT_CONVERSION = YES;
				GCC_WARN_ABOUT_RETURN_TYPE = YES_ERROR;
				GCC_WARN_UNDECLARED_SELECTOR = YES;
				GCC_WARN_UNINITIALIZED_AUTOS = YES_AGGRESSIVE;
				GCC_WARN_UNUSED_FUNCTION = YES;
				GCC_WARN_UNUSED_VARIABLE = YES;
				MTL_ENABLE_DEBUG_INFO = YES;
				ONLY_ACTIVE_ARCH = YES;
				SDKROOT = iphoneos;
			};
			name = Debug;
		};
		AEC354861CE29503000E643C /* Release */ = {
			isa = XCBuildConfiguration;
			buildSettings = {
				ALWAYS_SEARCH_USER_PATHS = NO;
				CLANG_ANALYZER_NONNULL = YES;
				CLANG_CXX_LANGUAGE_STANDARD = "gnu++0x";
				CLANG_CXX_LIBRARY = "libc++";
				CLANG_ENABLE_MODULES = YES;
				CLANG_ENABLE_OBJC_ARC = YES;
				CLANG_WARN_BOOL_CONVERSION = YES;
				CLANG_WARN_CONSTANT_CONVERSION = YES;
				CLANG_WARN_DIRECT_OBJC_ISA_USAGE = YES_ERROR;
				CLANG_WARN_EMPTY_BODY = YES;
				CLANG_WARN_ENUM_CONVERSION = YES;
				CLANG_WARN_INT_CONVERSION = YES;
				CLANG_WARN_OBJC_ROOT_CLASS = YES_ERROR;
				CLANG_WARN_UNREACHABLE_CODE = YES;
				CLANG_WARN__DUPLICATE_METHOD_MATCH = YES;
				COPY_PHASE_STRIP = NO;
				DEBUG_INFORMATION_FORMAT = "dwarf-with-dsym";
				ENABLE_NS_ASSERTIONS = NO;
				ENABLE_STRICT_OBJC_MSGSEND = YES;
				GCC_C_LANGUAGE_STANDARD = gnu99;
				GCC_NO_COMMON_BLOCKS = YES;
				GCC_WARN_64_TO_32_BIT_CONVERSION = YES;
				GCC_WARN_ABOUT_RETURN_TYPE = YES_ERROR;
				GCC_WARN_UNDECLARED_SELECTOR = YES;
				GCC_WARN_UNINITIALIZED_AUTOS = YES_AGGRESSIVE;
				GCC_WARN_UNUSED_FUNCTION = YES;
				GCC_WARN_UNUSED_VARIABLE = YES;
				MTL_ENABLE_DEBUG_INFO = NO;
				SDKROOT = iphoneos;
			};
			name = Release;
		};
		AEC354881CE29503000E643C /* Debug */ = {
			isa = XCBuildConfiguration;
			buildSettings = {
				COMBINE_HIDPI_IMAGES = YES;
				INFOPLIST_FILE = Plugin3/Info.plist;
				PRODUCT_BUNDLE_IDENTIFIER = com.briancroom.Plugin3;
				PRODUCT_NAME = "$(TARGET_NAME)";
				SKIP_INSTALL = YES;
				WRAPPER_EXTENSION = bundle;
			};
			name = Debug;
		};
		AEC354891CE29503000E643C /* Release */ = {
			isa = XCBuildConfiguration;
			buildSettings = {
				COMBINE_HIDPI_IMAGES = YES;
				INFOPLIST_FILE = Plugin3/Info.plist;
				PRODUCT_BUNDLE_IDENTIFIER = com.briancroom.Plugin3;
				PRODUCT_NAME = "$(TARGET_NAME)";
				SKIP_INSTALL = YES;
				WRAPPER_EXTENSION = bundle;
			};
			name = Release;
		};
/* End XCBuildConfiguration section */

/* Begin XCConfigurationList section */
		AEC3547C1CE29503000E643C /* Build configuration list for PBXProject "Plugin3" */ = {
			isa = XCConfigurationList;
			buildConfigurations = (
				AEC354851CE29503000E643C /* Debug */,
				AEC354861CE29503000E643C /* Release */,
			);
			defaultConfigurationIsVisible = 0;
			defaultConfigurationName = Release;
		};
		AEC354871CE29503000E643C /* Build configuration list for PBXNativeTarget "Plugin3" */ = {
			isa = XCConfigurationList;
			buildConfigurations = (
				AEC354881CE29503000E643C /* Debug */,
				AEC354891CE29503000E643C /* Release */,
			);
			defaultConfigurationIsVisible = 0;
		};
/* End XCConfigurationList section */
	};
	rootObject = AEC354791CE29503000E643C /* Project object */;
}
