// !$*UTF8*$!
{
	archiveVersion = 1;
	classes = {
	};
	objectVersion = 46;
	objects = {

/* Begin PBXBuildFile section */
		AE1910151CFDC3A500AD3C12 /* Plugin1Framework.framework in Frameworks */ = {isa = PBXBuildFile; fileRef = AEDC668F1CFDC18600A4F7D7 /* Plugin1Framework.framework */; };
		AEC354581CE24A40000E643C /* Plugin1.m in Sources */ = {isa = PBXBuildFile; fileRef = AEC354111CE1B8A7000E643C /* Plugin1.m */; };
		AEDC66851CFDBC5F00A4F7D7 /* Plugin1ViewControllerTests.m in Sources */ = {isa = PBXBuildFile; fileRef = AEDC66841CFDBC5F00A4F7D7 /* Plugin1ViewControllerTests.m */; };
		AEDC66921CFDC18600A4F7D7 /* Plugin1Framework.h in Headers */ = {isa = PBXBuildFile; fileRef = AEDC66911CFDC18600A4F7D7 /* Plugin1Framework.h */; settings = {ATTRIBUTES = (Public, ); }; };
		AEDC66971CFDC20100A4F7D7 /* Plugin1ViewController.h in Headers */ = {isa = PBXBuildFile; fileRef = AEC3540D1CE1B84E000E643C /* Plugin1ViewController.h */; settings = {ATTRIBUTES = (Public, ); }; };
		AEDC66981CFDC20500A4F7D7 /* Plugin1ViewController.m in Sources */ = {isa = PBXBuildFile; fileRef = AEC3540E1CE1B84E000E643C /* Plugin1ViewController.m */; };
		AEDC66991CFDC20A00A4F7D7 /* Assets.xcassets in Resources */ = {isa = PBXBuildFile; fileRef = AEC3543A1CE1C333000E643C /* Assets.xcassets */; };
		AEDC669C1CFDC22400A4F7D7 /* Plugin1Framework.framework in Frameworks */ = {isa = PBXBuildFile; fileRef = AEDC668F1CFDC18600A4F7D7 /* Plugin1Framework.framework */; };
		AEDC669E1CFDC23C00A4F7D7 /* Plugin1Framework.framework in Copy Frameworks */ = {isa = PBXBuildFile; fileRef = AEDC668F1CFDC18600A4F7D7 /* Plugin1Framework.framework */; settings = {ATTRIBUTES = (CodeSignOnCopy, RemoveHeadersOnCopy, ); }; };
/* End PBXBuildFile section */

/* Begin PBXContainerItemProxy section */
		AE1910131CFDC3A100AD3C12 /* PBXContainerItemProxy */ = {
			isa = PBXContainerItemProxy;
			containerPortal = AEC353F91CE1B7FA000E643C /* Project object */;
			proxyType = 1;
			remoteGlobalIDString = AEDC668E1CFDC18600A4F7D7;
			remoteInfo = Plugin1Framework;
		};
		AEDC669A1CFDC21F00A4F7D7 /* PBXContainerItemProxy */ = {
			isa = PBXContainerItemProxy;
			containerPortal = AEC353F91CE1B7FA000E643C /* Project object */;
			proxyType = 1;
			remoteGlobalIDString = AEDC668E1CFDC18600A4F7D7;
			remoteInfo = Plugin1Framework;
		};
/* End PBXContainerItemProxy section */

/* Begin PBXCopyFilesBuildPhase section */
		AEDC669D1CFDC23100A4F7D7 /* Copy Frameworks */ = {
			isa = PBXCopyFilesBuildPhase;
			buildActionMask = 2147483647;
			dstPath = "";
			dstSubfolderSpec = 10;
			files = (
				AEDC669E1CFDC23C00A4F7D7 /* Plugin1Framework.framework in Copy Frameworks */,
			);
			name = "Copy Frameworks";
			runOnlyForDeploymentPostprocessing = 0;
		};
/* End PBXCopyFilesBuildPhase section */

/* Begin PBXFileReference section */
		AEC354051CE1B7FA000E643C /* Plugin1.h */ = {isa = PBXFileReference; lastKnownFileType = sourcecode.c.h; path = Plugin1.h; sourceTree = "<group>"; };
		AEC354071CE1B7FA000E643C /* Info.plist */ = {isa = PBXFileReference; lastKnownFileType = text.plist.xml; path = Info.plist; sourceTree = "<group>"; };
		AEC3540D1CE1B84E000E643C /* Plugin1ViewController.h */ = {isa = PBXFileReference; fileEncoding = 4; lastKnownFileType = sourcecode.c.h; path = Plugin1ViewController.h; sourceTree = "<group>"; };
		AEC3540E1CE1B84E000E643C /* Plugin1ViewController.m */ = {isa = PBXFileReference; fileEncoding = 4; lastKnownFileType = sourcecode.c.objc; path = Plugin1ViewController.m; sourceTree = "<group>"; };
		AEC354111CE1B8A7000E643C /* Plugin1.m */ = {isa = PBXFileReference; fileEncoding = 4; lastKnownFileType = sourcecode.c.objc; path = Plugin1.m; sourceTree = "<group>"; };
		AEC3543A1CE1C333000E643C /* Assets.xcassets */ = {isa = PBXFileReference; lastKnownFileType = folder.assetcatalog; path = Assets.xcassets; sourceTree = "<group>"; };
		AEC354421CE1C675000E643C /* AppPlugin.h */ = {isa = PBXFileReference; fileEncoding = 4; lastKnownFileType = sourcecode.c.h; path = AppPlugin.h; sourceTree = "<group>"; };
		AEC354521CE24A34000E643C /* Plugin1.bundle */ = {isa = PBXFileReference; explicitFileType = wrapper.cfbundle; includeInIndex = 0; path = Plugin1.bundle; sourceTree = BUILT_PRODUCTS_DIR; };
		AEDC66821CFDBC5F00A4F7D7 /* Plugin1Tests.xctest */ = {isa = PBXFileReference; explicitFileType = wrapper.cfbundle; includeInIndex = 0; path = Plugin1Tests.xctest; sourceTree = BUILT_PRODUCTS_DIR; };
		AEDC66841CFDBC5F00A4F7D7 /* Plugin1ViewControllerTests.m */ = {isa = PBXFileReference; lastKnownFileType = sourcecode.c.objc; path = Plugin1ViewControllerTests.m; sourceTree = "<group>"; };
		AEDC66861CFDBC5F00A4F7D7 /* Info.plist */ = {isa = PBXFileReference; lastKnownFileType = text.plist.xml; path = Info.plist; sourceTree = "<group>"; };
		AEDC668F1CFDC18600A4F7D7 /* Plugin1Framework.framework */ = {isa = PBXFileReference; explicitFileType = wrapper.framework; includeInIndex = 0; path = Plugin1Framework.framework; sourceTree = BUILT_PRODUCTS_DIR; };
		AEDC66911CFDC18600A4F7D7 /* Plugin1Framework.h */ = {isa = PBXFileReference; lastKnownFileType = sourcecode.c.h; path = Plugin1Framework.h; sourceTree = "<group>"; };
		AEDC66931CFDC18600A4F7D7 /* Info.plist */ = {isa = PBXFileReference; lastKnownFileType = text.plist.xml; path = Info.plist; sourceTree = "<group>"; };
/* End PBXFileReference section */

/* Begin PBXFrameworksBuildPhase section */
		AEC3544F1CE24A34000E643C /* Frameworks */ = {
			isa = PBXFrameworksBuildPhase;
			buildActionMask = 2147483647;
			files = (
				AEDC669C1CFDC22400A4F7D7 /* Plugin1Framework.framework in Frameworks */,
			);
			runOnlyForDeploymentPostprocessing = 0;
		};
		AEDC667F1CFDBC5F00A4F7D7 /* Frameworks */ = {
			isa = PBXFrameworksBuildPhase;
			buildActionMask = 2147483647;
			files = (
				AE1910151CFDC3A500AD3C12 /* Plugin1Framework.framework in Frameworks */,
			);
			runOnlyForDeploymentPostprocessing = 0;
		};
		AEDC668B1CFDC18600A4F7D7 /* Frameworks */ = {
			isa = PBXFrameworksBuildPhase;
			buildActionMask = 2147483647;
			files = (
			);
			runOnlyForDeploymentPostprocessing = 0;
		};
/* End PBXFrameworksBuildPhase section */

/* Begin PBXGroup section */
		AEC353F81CE1B7FA000E643C = {
			isa = PBXGroup;
			children = (
				AEC354041CE1B7FA000E643C /* Plugin1 */,
				AEDC66901CFDC18600A4F7D7 /* Plugin1Framework */,
				AEC3543F1CE1C52E000E643C /* CommonPluginHeaders */,
				AEDC66831CFDBC5F00A4F7D7 /* Plugin1Tests */,
				AEC354031CE1B7FA000E643C /* Products */,
			);
			sourceTree = "<group>";
		};
		AEC354031CE1B7FA000E643C /* Products */ = {
			isa = PBXGroup;
			children = (
				AEC354521CE24A34000E643C /* Plugin1.bundle */,
				AEDC66821CFDBC5F00A4F7D7 /* Plugin1Tests.xctest */,
				AEDC668F1CFDC18600A4F7D7 /* Plugin1Framework.framework */,
			);
			name = Products;
			sourceTree = "<group>";
		};
		AEC354041CE1B7FA000E643C /* Plugin1 */ = {
			isa = PBXGroup;
			children = (
				AEC354051CE1B7FA000E643C /* Plugin1.h */,
				AEC354111CE1B8A7000E643C /* Plugin1.m */,
				AEC354071CE1B7FA000E643C /* Info.plist */,
			);
			path = Plugin1;
			sourceTree = "<group>";
		};
		AEC3543F1CE1C52E000E643C /* CommonPluginHeaders */ = {
			isa = PBXGroup;
			children = (
				AEC354421CE1C675000E643C /* AppPlugin.h */,
			);
			name = CommonPluginHeaders;
			path = ../CommonPluginHeaders;
			sourceTree = "<group>";
		};
		AEDC66831CFDBC5F00A4F7D7 /* Plugin1Tests */ = {
			isa = PBXGroup;
			children = (
				AEDC66841CFDBC5F00A4F7D7 /* Plugin1ViewControllerTests.m */,
				AEDC66861CFDBC5F00A4F7D7 /* Info.plist */,
			);
			path = Plugin1Tests;
			sourceTree = "<group>";
		};
		AEDC66901CFDC18600A4F7D7 /* Plugin1Framework */ = {
			isa = PBXGroup;
			children = (
				AEC3540D1CE1B84E000E643C /* Plugin1ViewController.h */,
				AEC3540E1CE1B84E000E643C /* Plugin1ViewController.m */,
				AEDC66911CFDC18600A4F7D7 /* Plugin1Framework.h */,
				AEC3543A1CE1C333000E643C /* Assets.xcassets */,
				AEDC66931CFDC18600A4F7D7 /* Info.plist */,
			);
			path = Plugin1Framework;
			sourceTree = "<group>";
		};
/* End PBXGroup section */

/* Begin PBXHeadersBuildPhase section */
		AEDC668C1CFDC18600A4F7D7 /* Headers */ = {
			isa = PBXHeadersBuildPhase;
			buildActionMask = 2147483647;
			files = (
				AEDC66971CFDC20100A4F7D7 /* Plugin1ViewController.h in Headers */,
				AEDC66921CFDC18600A4F7D7 /* Plugin1Framework.h in Headers */,
			);
			runOnlyForDeploymentPostprocessing = 0;
		};
/* End PBXHeadersBuildPhase section */

/* Begin PBXNativeTarget section */
		AEC354511CE24A34000E643C /* Plugin1 */ = {
			isa = PBXNativeTarget;
			buildConfigurationList = AEC354551CE24A34000E643C /* Build configuration list for PBXNativeTarget "Plugin1" */;
			buildPhases = (
				AEC3544E1CE24A34000E643C /* Sources */,
				AEC3544F1CE24A34000E643C /* Frameworks */,
				AEC354501CE24A34000E643C /* Resources */,
				AEDC669D1CFDC23100A4F7D7 /* Copy Frameworks */,
			);
			buildRules = (
			);
			dependencies = (
				AEDC669B1CFDC21F00A4F7D7 /* PBXTargetDependency */,
			);
			name = Plugin1;
			productName = Plugin1;
			productReference = AEC354521CE24A34000E643C /* Plugin1.bundle */;
			productType = "com.apple.product-type.bundle";
		};
		AEDC66811CFDBC5F00A4F7D7 /* Plugin1Tests */ = {
			isa = PBXNativeTarget;
			buildConfigurationList = AEDC66871CFDBC5F00A4F7D7 /* Build configuration list for PBXNativeTarget "Plugin1Tests" */;
			buildPhases = (
				AEDC667E1CFDBC5F00A4F7D7 /* Sources */,
				AEDC667F1CFDBC5F00A4F7D7 /* Frameworks */,
				AEDC66801CFDBC5F00A4F7D7 /* Resources */,
			);
			buildRules = (
			);
			dependencies = (
				AE1910141CFDC3A100AD3C12 /* PBXTargetDependency */,
			);
			name = Plugin1Tests;
			productName = Plugin1Tests;
			productReference = AEDC66821CFDBC5F00A4F7D7 /* Plugin1Tests.xctest */;
			productType = "com.apple.product-type.bundle.unit-test";
		};
		AEDC668E1CFDC18600A4F7D7 /* Plugin1Framework */ = {
			isa = PBXNativeTarget;
			buildConfigurationList = AEDC66941CFDC18600A4F7D7 /* Build configuration list for PBXNativeTarget "Plugin1Framework" */;
			buildPhases = (
				AEDC668A1CFDC18600A4F7D7 /* Sources */,
				AEDC668B1CFDC18600A4F7D7 /* Frameworks */,
				AEDC668C1CFDC18600A4F7D7 /* Headers */,
				AEDC668D1CFDC18600A4F7D7 /* Resources */,
			);
			buildRules = (
			);
			dependencies = (
			);
			name = Plugin1Framework;
			productName = Plugin1Framework;
			productReference = AEDC668F1CFDC18600A4F7D7 /* Plugin1Framework.framework */;
			productType = "com.apple.product-type.framework";
		};
/* End PBXNativeTarget section */

/* Begin PBXProject section */
		AEC353F91CE1B7FA000E643C /* Project object */ = {
			isa = PBXProject;
			attributes = {
				LastSwiftUpdateCheck = 0730;
				LastUpgradeCheck = 0730;
				TargetAttributes = {
					AEC354511CE24A34000E643C = {
						CreatedOnToolsVersion = 7.3;
					};
					AEDC66811CFDBC5F00A4F7D7 = {
						CreatedOnToolsVersion = 7.3;
					};
					AEDC668E1CFDC18600A4F7D7 = {
						CreatedOnToolsVersion = 7.3;
					};
				};
			};
			buildConfigurationList = AEC353FC1CE1B7FA000E643C /* Build configuration list for PBXProject "Plugin1" */;
			compatibilityVersion = "Xcode 3.2";
			developmentRegion = English;
			hasScannedForEncodings = 0;
			knownRegions = (
				en,
			);
			mainGroup = AEC353F81CE1B7FA000E643C;
			productRefGroup = AEC354031CE1B7FA000E643C /* Products */;
			projectDirPath = "";
			projectRoot = "";
			targets = (
				AEC354511CE24A34000E643C /* Plugin1 */,
				AEDC66811CFDBC5F00A4F7D7 /* Plugin1Tests */,
				AEDC668E1CFDC18600A4F7D7 /* Plugin1Framework */,
			);
		};
/* End PBXProject section */

/* Begin PBXResourcesBuildPhase section */
		AEC354501CE24A34000E643C /* Resources */ = {
			isa = PBXResourcesBuildPhase;
			buildActionMask = 2147483647;
			files = (
			);
			runOnlyForDeploymentPostprocessing = 0;
		};
		AEDC66801CFDBC5F00A4F7D7 /* Resources */ = {
			isa = PBXResourcesBuildPhase;
			buildActionMask = 2147483647;
			files = (
			);
			runOnlyForDeploymentPostprocessing = 0;
		};
		AEDC668D1CFDC18600A4F7D7 /* Resources */ = {
			isa = PBXResourcesBuildPhase;
			buildActionMask = 2147483647;
			files = (
				AEDC66991CFDC20A00A4F7D7 /* Assets.xcassets in Resources */,
			);
			runOnlyForDeploymentPostprocessing = 0;
		};
/* End PBXResourcesBuildPhase section */

/* Begin PBXSourcesBuildPhase section */
		AEC3544E1CE24A34000E643C /* Sources */ = {
			isa = PBXSourcesBuildPhase;
			buildActionMask = 2147483647;
			files = (
				AEC354581CE24A40000E643C /* Plugin1.m in Sources */,
			);
			runOnlyForDeploymentPostprocessing = 0;
		};
		AEDC667E1CFDBC5F00A4F7D7 /* Sources */ = {
			isa = PBXSourcesBuildPhase;
			buildActionMask = 2147483647;
			files = (
				AEDC66851CFDBC5F00A4F7D7 /* Plugin1ViewControllerTests.m in Sources */,
			);
			runOnlyForDeploymentPostprocessing = 0;
		};
		AEDC668A1CFDC18600A4F7D7 /* Sources */ = {
			isa = PBXSourcesBuildPhase;
			buildActionMask = 2147483647;
			files = (
				AEDC66981CFDC20500A4F7D7 /* Plugin1ViewController.m in Sources */,
			);
			runOnlyForDeploymentPostprocessing = 0;
		};
/* End PBXSourcesBuildPhase section */

/* Begin PBXTargetDependency section */
		AE1910141CFDC3A100AD3C12 /* PBXTargetDependency */ = {
			isa = PBXTargetDependency;
			target = AEDC668E1CFDC18600A4F7D7 /* Plugin1Framework */;
			targetProxy = AE1910131CFDC3A100AD3C12 /* PBXContainerItemProxy */;
		};
		AEDC669B1CFDC21F00A4F7D7 /* PBXTargetDependency */ = {
			isa = PBXTargetDependency;
			target = AEDC668E1CFDC18600A4F7D7 /* Plugin1Framework */;
			targetProxy = AEDC669A1CFDC21F00A4F7D7 /* PBXContainerItemProxy */;
		};
/* End PBXTargetDependency section */

/* Begin XCBuildConfiguration section */
		AEC354081CE1B7FA000E643C /* Debug */ = {
			isa = XCBuildConfiguration;
			buildSettings = {
				ALWAYS_SEARCH_USER_PATHS = NO;
				CLANG_ANALYZER_NONNULL = YES;
				CLANG_CXX_LANGUAGE_STANDARD = "gnu++0x";
				CLANG_CXX_LIBRARY = "libc++";
				CLANG_ENABLE_MODULES = YES;
				CLANG_ENABLE_OBJC_ARC = YES;
				CLANG_WARN_BOOL_CONVERSION = YES;
				CLANG_WARN_CONSTANT_CONVERSION = YES;
				CLANG_WARN_DIRECT_OBJC_ISA_USAGE = YES_ERROR;
				CLANG_WARN_EMPTY_BODY = YES;
				CLANG_WARN_ENUM_CONVERSION = YES;
				CLANG_WARN_INT_CONVERSION = YES;
				CLANG_WARN_OBJC_ROOT_CLASS = YES_ERROR;
				CLANG_WARN_UNREACHABLE_CODE = YES;
				CLANG_WARN__DUPLICATE_METHOD_MATCH = YES;
				"CODE_SIGN_IDENTITY[sdk=iphoneos*]" = "iPhone Developer";
				COPY_PHASE_STRIP = NO;
				CURRENT_PROJECT_VERSION = 1;
				DEBUG_INFORMATION_FORMAT = dwarf;
				ENABLE_BITCODE = NO;
				ENABLE_STRICT_OBJC_MSGSEND = YES;
				ENABLE_TESTABILITY = YES;
				GCC_C_LANGUAGE_STANDARD = gnu99;
				GCC_DYNAMIC_NO_PIC = NO;
				GCC_NO_COMMON_BLOCKS = YES;
				GCC_OPTIMIZATION_LEVEL = 0;
				GCC_PREPROCESSOR_DEFINITIONS = (
					"DEBUG=1",
					"$(inherited)",
				);
				GCC_WARN_64_TO_32_BIT_CONVERSION = YES;
				GCC_WARN_ABOUT_RETURN_TYPE = YES_ERROR;
				GCC_WARN_UNDECLARED_SELECTOR = YES;
				GCC_WARN_UNINITIALIZED_AUTOS = YES_AGGRESSIVE;
				GCC_WARN_UNUSED_FUNCTION = YES;
				GCC_WARN_UNUSED_VARIABLE = YES;
				IPHONEOS_DEPLOYMENT_TARGET = 8.0;
				MTL_ENABLE_DEBUG_INFO = YES;
				ONLY_ACTIVE_ARCH = YES;
				SDKROOT = iphoneos;
				TARGETED_DEVICE_FAMILY = "1,2";
				VERSIONING_SYSTEM = "apple-generic";
				VERSION_INFO_PREFIX = "";
			};
			name = Debug;
		};
		AEC354091CE1B7FA000E643C /* Release */ = {
			isa = XCBuildConfiguration;
			buildSettings = {
				ALWAYS_SEARCH_USER_PATHS = NO;
				CLANG_ANALYZER_NONNULL = YES;
				CLANG_CXX_LANGUAGE_STANDARD = "gnu++0x";
				CLANG_CXX_LIBRARY = "libc++";
				CLANG_ENABLE_MODULES = YES;
				CLANG_ENABLE_OBJC_ARC = YES;
				CLANG_WARN_BOOL_CONVERSION = YES;
				CLANG_WARN_CONSTANT_CONVERSION = YES;
				CLANG_WARN_DIRECT_OBJC_ISA_USAGE = YES_ERROR;
				CLANG_WARN_EMPTY_BODY = YES;
				CLANG_WARN_ENUM_CONVERSION = YES;
				CLANG_WARN_INT_CONVERSION = YES;
				CLANG_WARN_OBJC_ROOT_CLASS = YES_ERROR;
				CLANG_WARN_UNREACHABLE_CODE = YES;
				CLANG_WARN__DUPLICATE_METHOD_MATCH = YES;
				"CODE_SIGN_IDENTITY[sdk=iphoneos*]" = "iPhone Developer";
				COPY_PHASE_STRIP = NO;
				CURRENT_PROJECT_VERSION = 1;
				DEBUG_INFORMATION_FORMAT = "dwarf-with-dsym";
				ENABLE_BITCODE = NO;
				ENABLE_NS_ASSERTIONS = NO;
				ENABLE_STRICT_OBJC_MSGSEND = YES;
				GCC_C_LANGUAGE_STANDARD = gnu99;
				GCC_NO_COMMON_BLOCKS = YES;
				GCC_WARN_64_TO_32_BIT_CONVERSION = YES;
				GCC_WARN_ABOUT_RETURN_TYPE = YES_ERROR;
				GCC_WARN_UNDECLARED_SELECTOR = YES;
				GCC_WARN_UNINITIALIZED_AUTOS = YES_AGGRESSIVE;
				GCC_WARN_UNUSED_FUNCTION = YES;
				GCC_WARN_UNUSED_VARIABLE = YES;
				IPHONEOS_DEPLOYMENT_TARGET = 8.0;
				MTL_ENABLE_DEBUG_INFO = NO;
				SDKROOT = iphoneos;
				TARGETED_DEVICE_FAMILY = "1,2";
				VALIDATE_PRODUCT = YES;
				VERSIONING_SYSTEM = "apple-generic";
				VERSION_INFO_PREFIX = "";
			};
			name = Release;
		};
		AEC354561CE24A34000E643C /* Debug */ = {
			isa = XCBuildConfiguration;
			buildSettings = {
				COMBINE_HIDPI_IMAGES = YES;
				INFOPLIST_FILE = Plugin1/Info.plist;
				LD_RUNPATH_SEARCH_PATHS = "@executable_path/Frameworks @loader_path/Frameworks";
				PRODUCT_BUNDLE_IDENTIFIER = com.briancroom.Plugin1;
				PRODUCT_NAME = "$(TARGET_NAME)";
				SKIP_INSTALL = YES;
				WRAPPER_EXTENSION = bundle;
			};
			name = Debug;
		};
		AEC354571CE24A34000E643C /* Release */ = {
			isa = XCBuildConfiguration;
			buildSettings = {
				COMBINE_HIDPI_IMAGES = YES;
				INFOPLIST_FILE = Plugin1/Info.plist;
				LD_RUNPATH_SEARCH_PATHS = "@executable_path/Frameworks @loader_path/Frameworks";
				PRODUCT_BUNDLE_IDENTIFIER = com.briancroom.Plugin1;
				PRODUCT_NAME = "$(TARGET_NAME)";
				SKIP_INSTALL = YES;
				WRAPPER_EXTENSION = bundle;
			};
			name = Release;
		};
		AEDC66881CFDBC5F00A4F7D7 /* Debug */ = {
			isa = XCBuildConfiguration;
			buildSettings = {
				INFOPLIST_FILE = Plugin1Tests/Info.plist;
				IPHONEOS_DEPLOYMENT_TARGET = 9.3;
				LD_RUNPATH_SEARCH_PATHS = "$(inherited) @executable_path/Frameworks @loader_path/Frameworks";
				PRODUCT_BUNDLE_IDENTIFIER = com.briancroom.Plugin1Tests;
				PRODUCT_NAME = "$(TARGET_NAME)";
			};
			name = Debug;
		};
		AEDC66891CFDBC5F00A4F7D7 /* Release */ = {
			isa = XCBuildConfiguration;
			buildSettings = {
				INFOPLIST_FILE = Plugin1Tests/Info.plist;
				IPHONEOS_DEPLOYMENT_TARGET = 9.3;
				LD_RUNPATH_SEARCH_PATHS = "$(inherited) @executable_path/Frameworks @loader_path/Frameworks";
				PRODUCT_BUNDLE_IDENTIFIER = com.briancroom.Plugin1Tests;
				PRODUCT_NAME = "$(TARGET_NAME)";
			};
			name = Release;
		};
		AEDC66951CFDC18600A4F7D7 /* Debug */ = {
			isa = XCBuildConfiguration;
			buildSettings = {
				DEFINES_MODULE = YES;
				DYLIB_COMPATIBILITY_VERSION = 1;
				DYLIB_CURRENT_VERSION = 1;
				DYLIB_INSTALL_NAME_BASE = "@rpath";
				INFOPLIST_FILE = Plugin1Framework/Info.plist;
				INSTALL_PATH = "$(LOCAL_LIBRARY_DIR)/Frameworks";
				IPHONEOS_DEPLOYMENT_TARGET = 9.3;
				LD_RUNPATH_SEARCH_PATHS = "$(inherited) @executable_path/Frameworks @loader_path/Frameworks";
				PRODUCT_BUNDLE_IDENTIFIER = com.briancroom.Plugin1Framework;
				PRODUCT_NAME = "$(TARGET_NAME)";
				SKIP_INSTALL = YES;
			};
			name = Debug;
		};
		AEDC66961CFDC18600A4F7D7 /* Release */ = {
			isa = XCBuildConfiguration;
			buildSettings = {
				DEFINES_MODULE = YES;
				DYLIB_COMPATIBILITY_VERSION = 1;
				DYLIB_CURRENT_VERSION = 1;
				DYLIB_INSTALL_NAME_BASE = "@rpath";
				INFOPLIST_FILE = Plugin1Framework/Info.plist;
				INSTALL_PATH = "$(LOCAL_LIBRARY_DIR)/Frameworks";
				IPHONEOS_DEPLOYMENT_TARGET = 9.3;
				LD_RUNPATH_SEARCH_PATHS = "$(inherited) @executable_path/Frameworks @loader_path/Frameworks";
				PRODUCT_BUNDLE_IDENTIFIER = com.briancroom.Plugin1Framework;
				PRODUCT_NAME = "$(TARGET_NAME)";
				SKIP_INSTALL = YES;
			};
			name = Release;
		};
/* End XCBuildConfiguration section */

/* Begin XCConfigurationList section */
		AEC353FC1CE1B7FA000E643C /* Build configuration list for PBXProject "Plugin1" */ = {
			isa = XCConfigurationList;
			buildConfigurations = (
				AEC354081CE1B7FA000E643C /* Debug */,
				AEC354091CE1B7FA000E643C /* Release */,
			);
			defaultConfigurationIsVisible = 0;
			defaultConfigurationName = Release;
		};
		AEC354551CE24A34000E643C /* Build configuration list for PBXNativeTarget "Plugin1" */ = {
			isa = XCConfigurationList;
			buildConfigurations = (
				AEC354561CE24A34000E643C /* Debug */,
				AEC354571CE24A34000E643C /* Release */,
			);
			defaultConfigurationIsVisible = 0;
			defaultConfigurationName = Release;
		};
		AEDC66871CFDBC5F00A4F7D7 /* Build configuration list for PBXNativeTarget "Plugin1Tests" */ = {
			isa = XCConfigurationList;
			buildConfigurations = (
				AEDC66881CFDBC5F00A4F7D7 /* Debug */,
				AEDC66891CFDBC5F00A4F7D7 /* Release */,
			);
			defaultConfigurationIsVisible = 0;
			defaultConfigurationName = Release;
		};
		AEDC66941CFDC18600A4F7D7 /* Build configuration list for PBXNativeTarget "Plugin1Framework" */ = {
			isa = XCConfigurationList;
			buildConfigurations = (
				AEDC66951CFDC18600A4F7D7 /* Debug */,
				AEDC66961CFDC18600A4F7D7 /* Release */,
			);
			defaultConfigurationIsVisible = 0;
			defaultConfigurationName = Release;
		};
/* End XCConfigurationList section */
	};
	rootObject = AEC353F91CE1B7FA000E643C /* Project object */;
}
