// !$*UTF8*$!
{
	archiveVersion = 1;
	classes = {
	};
	objectVersion = 46;
	objects = {

/* Begin PBXBuildFile section */
		AEC354581CE24A40000E643C /* Plugin1.m in Sources */ = {isa = PBXBuildFile; fileRef = AEC354111CE1B8A7000E643C /* Plugin1.m */; };
		AEC354591CE24A40000E643C /* Plugin1ViewController.m in Sources */ = {isa = PBXBuildFile; fileRef = AEC3540E1CE1B84E000E643C /* Plugin1ViewController.m */; };
		AEC3545A1CE24A43000E643C /* Assets.xcassets in Resources */ = {isa = PBXBuildFile; fileRef = AEC3543A1CE1C333000E643C /* Assets.xcassets */; };
		AEC3545C1CE24A4B000E643C /* Info.plist in Resources */ = {isa = PBXBuildFile; fileRef = AEC354071CE1B7FA000E643C /* Info.plist */; };
/* End PBXBuildFile section */

/* Begin PBXFileReference section */
		AEC354051CE1B7FA000E643C /* Plugin1.h */ = {isa = PBXFileReference; lastKnownFileType = sourcecode.c.h; path = Plugin1.h; sourceTree = "<group>"; };
		AEC354071CE1B7FA000E643C /* Info.plist */ = {isa = PBXFileReference; lastKnownFileType = text.plist.xml; path = Info.plist; sourceTree = "<group>"; };
		AEC3540D1CE1B84E000E643C /* Plugin1ViewController.h */ = {isa = PBXFileReference; fileEncoding = 4; lastKnownFileType = sourcecode.c.h; path = Plugin1ViewController.h; sourceTree = "<group>"; };
		AEC3540E1CE1B84E000E643C /* Plugin1ViewController.m */ = {isa = PBXFileReference; fileEncoding = 4; lastKnownFileType = sourcecode.c.objc; path = Plugin1ViewController.m; sourceTree = "<group>"; };
		AEC354111CE1B8A7000E643C /* Plugin1.m */ = {isa = PBXFileReference; fileEncoding = 4; lastKnownFileType = sourcecode.c.objc; path = Plugin1.m; sourceTree = "<group>"; };
		AEC3543A1CE1C333000E643C /* Assets.xcassets */ = {isa = PBXFileReference; lastKnownFileType = folder.assetcatalog; path = Assets.xcassets; sourceTree = "<group>"; };
		AEC354421CE1C675000E643C /* AppPlugin.h */ = {isa = PBXFileReference; fileEncoding = 4; lastKnownFileType = sourcecode.c.h; path = AppPlugin.h; sourceTree = "<group>"; };
		AEC354521CE24A34000E643C /* Plugin1.bundle */ = {isa = PBXFileReference; explicitFileType = wrapper.cfbundle; includeInIndex = 0; path = Plugin1.bundle; sourceTree = BUILT_PRODUCTS_DIR; };
/* End PBXFileReference section */

/* Begin PBXFrameworksBuildPhase section */
		AEC3544F1CE24A34000E643C /* Frameworks */ = {
			isa = PBXFrameworksBuildPhase;
			buildActionMask = 2147483647;
			files = (
			);
			runOnlyForDeploymentPostprocessing = 0;
		};
/* End PBXFrameworksBuildPhase section */

/* Begin PBXGroup section */
		AEC353F81CE1B7FA000E643C = {
			isa = PBXGroup;
			children = (
				AEC354041CE1B7FA000E643C /* Plugin1 */,
				AEC3543F1CE1C52E000E643C /* CommonPluginHeaders */,
				AEC354031CE1B7FA000E643C /* Products */,
			);
			sourceTree = "<group>";
		};
		AEC354031CE1B7FA000E643C /* Products */ = {
			isa = PBXGroup;
			children = (
				AEC354521CE24A34000E643C /* Plugin1.bundle */,
			);
			name = Products;
			sourceTree = "<group>";
		};
		AEC354041CE1B7FA000E643C /* Plugin1 */ = {
			isa = PBXGroup;
			children = (
				AEC354051CE1B7FA000E643C /* Plugin1.h */,
				AEC354111CE1B8A7000E643C /* Plugin1.m */,
				AEC3540D1CE1B84E000E643C /* Plugin1ViewController.h */,
				AEC3540E1CE1B84E000E643C /* Plugin1ViewController.m */,
				AEC3543A1CE1C333000E643C /* Assets.xcassets */,
				AEC354071CE1B7FA000E643C /* Info.plist */,
			);
			path = Plugin1;
			sourceTree = "<group>";
		};
		AEC3543F1CE1C52E000E643C /* CommonPluginHeaders */ = {
			isa = PBXGroup;
			children = (
				AEC354421CE1C675000E643C /* AppPlugin.h */,
			);
			name = CommonPluginHeaders;
			path = ../CommonPluginHeaders;
			sourceTree = "<group>";
		};
/* End PBXGroup section */

/* Begin PBXNativeTarget section */
		AEC354511CE24A34000E643C /* Plugin1 */ = {
			isa = PBXNativeTarget;
			buildConfigurationList = AEC354551CE24A34000E643C /* Build configuration list for PBXNativeTarget "Plugin1" */;
			buildPhases = (
				AEC3544E1CE24A34000E643C /* Sources */,
				AEC3544F1CE24A34000E643C /* Frameworks */,
				AEC354501CE24A34000E643C /* Resources */,
			);
			buildRules = (
			);
			dependencies = (
			);
			name = Plugin1;
			productName = Plugin1;
			productReference = AEC354521CE24A34000E643C /* Plugin1.bundle */;
			productType = "com.apple.product-type.bundle";
		};
/* End PBXNativeTarget section */

/* Begin PBXProject section */
		AEC353F91CE1B7FA000E643C /* Project object */ = {
			isa = PBXProject;
			attributes = {
				LastUpgradeCheck = 0730;
				TargetAttributes = {
					AEC354511CE24A34000E643C = {
						CreatedOnToolsVersion = 7.3;
					};
				};
			};
			buildConfigurationList = AEC353FC1CE1B7FA000E643C /* Build configuration list for PBXProject "Plugin1" */;
			compatibilityVersion = "Xcode 3.2";
			developmentRegion = English;
			hasScannedForEncodings = 0;
			knownRegions = (
				en,
			);
			mainGroup = AEC353F81CE1B7FA000E643C;
			productRefGroup = AEC354031CE1B7FA000E643C /* Products */;
			projectDirPath = "";
			projectRoot = "";
			targets = (
				AEC354511CE24A34000E643C /* Plugin1 */,
			);
		};
/* End PBXProject section */

/* Begin PBXResourcesBuildPhase section */
		AEC354501CE24A34000E643C /* Resources */ = {
			isa = PBXResourcesBuildPhase;
			buildActionMask = 2147483647;
			files = (
				AEC3545C1CE24A4B000E643C /* Info.plist in Resources */,
				AEC3545A1CE24A43000E643C /* Assets.xcassets in Resources */,
			);
			runOnlyForDeploymentPostprocessing = 0;
		};
/* End PBXResourcesBuildPhase section */

/* Begin PBXSourcesBuildPhase section */
		AEC3544E1CE24A34000E643C /* Sources */ = {
			isa = PBXSourcesBuildPhase;
			buildActionMask = 2147483647;
			files = (
				AEC354581CE24A40000E643C /* Plugin1.m in Sources */,
				AEC354591CE24A40000E643C /* Plugin1ViewController.m in Sources */,
			);
			runOnlyForDeploymentPostprocessing = 0;
		};
/* End PBXSourcesBuildPhase section */

/* Begin XCBuildConfiguration section */
		AEC354081CE1B7FA000E643C /* Debug */ = {
			isa = XCBuildConfiguration;
			buildSettings = {
				ALWAYS_SEARCH_USER_PATHS = NO;
				CLANG_ANALYZER_NONNULL = YES;
				CLANG_CXX_LANGUAGE_STANDARD = "gnu++0x";
				CLANG_CXX_LIBRARY = "libc++";
				CLANG_ENABLE_MODULES = YES;
				CLANG_ENABLE_OBJC_ARC = YES;
				CLANG_WARN_BOOL_CONVERSION = YES;
				CLANG_WARN_CONSTANT_CONVERSION = YES;
				CLANG_WARN_DIRECT_OBJC_ISA_USAGE = YES_ERROR;
				CLANG_WARN_EMPTY_BODY = YES;
				CLANG_WARN_ENUM_CONVERSION = YES;
				CLANG_WARN_INT_CONVERSION = YES;
				CLANG_WARN_OBJC_ROOT_CLASS = YES_ERROR;
				CLANG_WARN_UNREACHABLE_CODE = YES;
				CLANG_WARN__DUPLICATE_METHOD_MATCH = YES;
				"CODE_SIGN_IDENTITY[sdk=iphoneos*]" = "iPhone Developer";
				COPY_PHASE_STRIP = NO;
				CURRENT_PROJECT_VERSION = 1;
				DEBUG_INFORMATION_FORMAT = dwarf;
				ENABLE_BITCODE = NO;
				ENABLE_STRICT_OBJC_MSGSEND = YES;
				ENABLE_TESTABILITY = YES;
				GCC_C_LANGUAGE_STANDARD = gnu99;
				GCC_DYNAMIC_NO_PIC = NO;
				GCC_NO_COMMON_BLOCKS = YES;
				GCC_OPTIMIZATION_LEVEL = 0;
				GCC_PREPROCESSOR_DEFINITIONS = (
					"DEBUG=1",
					"$(inherited)",
				);
				GCC_WARN_64_TO_32_BIT_CONVERSION = YES;
				GCC_WARN_ABOUT_RETURN_TYPE = YES_ERROR;
				GCC_WARN_UNDECLARED_SELECTOR = YES;
				GCC_WARN_UNINITIALIZED_AUTOS = YES_AGGRESSIVE;
				GCC_WARN_UNUSED_FUNCTION = YES;
				GCC_WARN_UNUSED_VARIABLE = YES;
				IPHONEOS_DEPLOYMENT_TARGET = 8.0;
				MTL_ENABLE_DEBUG_INFO = YES;
				ONLY_ACTIVE_ARCH = YES;
				SDKROOT = iphoneos;
				TARGETED_DEVICE_FAMILY = "1,2";
				VERSIONING_SYSTEM = "apple-generic";
				VERSION_INFO_PREFIX = "";
			};
			name = Debug;
		};
		AEC354091CE1B7FA000E643C /* Release */ = {
			isa = XCBuildConfiguration;
			buildSettings = {
				ALWAYS_SEARCH_USER_PATHS = NO;
				CLANG_ANALYZER_NONNULL = YES;
				CLANG_CXX_LANGUAGE_STANDARD = "gnu++0x";
				CLANG_CXX_LIBRARY = "libc++";
				CLANG_ENABLE_MODULES = YES;
				CLANG_ENABLE_OBJC_ARC = YES;
				CLANG_WARN_BOOL_CONVERSION = YES;
				CLANG_WARN_CONSTANT_CONVERSION = YES;
				CLANG_WARN_DIRECT_OBJC_ISA_USAGE = YES_ERROR;
				CLANG_WARN_EMPTY_BODY = YES;
				CLANG_WARN_ENUM_CONVERSION = YES;
				CLANG_WARN_INT_CONVERSION = YES;
				CLANG_WARN_OBJC_ROOT_CLASS = YES_ERROR;
				CLANG_WARN_UNREACHABLE_CODE = YES;
				CLANG_WARN__DUPLICATE_METHOD_MATCH = YES;
				"CODE_SIGN_IDENTITY[sdk=iphoneos*]" = "iPhone Developer";
				COPY_PHASE_STRIP = NO;
				CURRENT_PROJECT_VERSION = 1;
				DEBUG_INFORMATION_FORMAT = "dwarf-with-dsym";
				ENABLE_BITCODE = NO;
				ENABLE_NS_ASSERTIONS = NO;
				ENABLE_STRICT_OBJC_MSGSEND = YES;
				GCC_C_LANGUAGE_STANDARD = gnu99;
				GCC_NO_COMMON_BLOCKS = YES;
				GCC_WARN_64_TO_32_BIT_CONVERSION = YES;
				GCC_WARN_ABOUT_RETURN_TYPE = YES_ERROR;
				GCC_WARN_UNDECLARED_SELECTOR = YES;
				GCC_WARN_UNINITIALIZED_AUTOS = YES_AGGRESSIVE;
				GCC_WARN_UNUSED_FUNCTION = YES;
				GCC_WARN_UNUSED_VARIABLE = YES;
				IPHONEOS_DEPLOYMENT_TARGET = 8.0;
				MTL_ENABLE_DEBUG_INFO = NO;
				SDKROOT = iphoneos;
				TARGETED_DEVICE_FAMILY = "1,2";
				VALIDATE_PRODUCT = YES;
				VERSIONING_SYSTEM = "apple-generic";
				VERSION_INFO_PREFIX = "";
			};
			name = Release;
		};
		AEC354561CE24A34000E643C /* Debug */ = {
			isa = XCBuildConfiguration;
			buildSettings = {
				COMBINE_HIDPI_IMAGES = YES;
				INFOPLIST_FILE = Plugin1/Info.plist;
				PRODUCT_BUNDLE_IDENTIFIER = com.briancroom.Plugin1;
				PRODUCT_NAME = "$(TARGET_NAME)";
				SKIP_INSTALL = YES;
				WRAPPER_EXTENSION = bundle;
			};
			name = Debug;
		};
		AEC354571CE24A34000E643C /* Release */ = {
			isa = XCBuildConfiguration;
			buildSettings = {
				COMBINE_HIDPI_IMAGES = YES;
				INFOPLIST_FILE = Plugin1/Info.plist;
				PRODUCT_BUNDLE_IDENTIFIER = com.briancroom.Plugin1;
				PRODUCT_NAME = "$(TARGET_NAME)";
				SKIP_INSTALL = YES;
				WRAPPER_EXTENSION = bundle;
			};
			name = Release;
		};
/* End XCBuildConfiguration section */

/* Begin XCConfigurationList section */
		AEC353FC1CE1B7FA000E643C /* Build configuration list for PBXProject "Plugin1" */ = {
			isa = XCConfigurationList;
			buildConfigurations = (
				AEC354081CE1B7FA000E643C /* Debug */,
				AEC354091CE1B7FA000E643C /* Release */,
			);
			defaultConfigurationIsVisible = 0;
			defaultConfigurationName = Release;
		};
		AEC354551CE24A34000E643C /* Build configuration list for PBXNativeTarget "Plugin1" */ = {
			isa = XCConfigurationList;
			buildConfigurations = (
				AEC354561CE24A34000E643C /* Debug */,
				AEC354571CE24A34000E643C /* Release */,
			);
			defaultConfigurationIsVisible = 0;
			defaultConfigurationName = Release;
		};
/* End XCConfigurationList section */
	};
	rootObject = AEC353F91CE1B7FA000E643C /* Project object */;
}
