// !$*UTF8*$!
{
	archiveVersion = 1;
	classes = {
	};
	objectVersion = 46;
	objects = {

/* Begin PBXBuildFile section */
		AEC354671CE24B73000E643C /* Plugin2.m in Sources */ = {isa = PBXBuildFile; fileRef = AEC354281CE1B943000E643C /* Plugin2.m */; };
		AEC354681CE24B76000E643C /* Plugin2ViewController.m in Sources */ = {isa = PBXBuildFile; fileRef = AEC3542B1CE1B952000E643C /* Plugin2ViewController.m */; };
		AEC354691CE24B78000E643C /* Plugin2.storyboard in Resources */ = {isa = PBXBuildFile; fileRef = AEC3544A1CE20CEB000E643C /* Plugin2.storyboard */; };
		AEC3546A1CE24B78000E643C /* Assets.xcassets in Resources */ = {isa = PBXBuildFile; fileRef = AEC3543C1CE1C33D000E643C /* Assets.xcassets */; };
		AEC3546B1CE24B7B000E643C /* Info.plist in Resources */ = {isa = PBXBuildFile; fileRef = AEC354221CE1B925000E643C /* Info.plist */; };
/* End PBXBuildFile section */

/* Begin PBXFileReference section */
		AEC354201CE1B925000E643C /* Plugin2.h */ = {isa = PBXFileReference; lastKnownFileType = sourcecode.c.h; path = Plugin2.h; sourceTree = "<group>"; };
		AEC354221CE1B925000E643C /* Info.plist */ = {isa = PBXFileReference; lastKnownFileType = text.plist.xml; path = Info.plist; sourceTree = "<group>"; };
		AEC354281CE1B943000E643C /* Plugin2.m */ = {isa = PBXFileReference; fileEncoding = 4; lastKnownFileType = sourcecode.c.objc; path = Plugin2.m; sourceTree = "<group>"; };
		AEC3542A1CE1B952000E643C /* Plugin2ViewController.h */ = {isa = PBXFileReference; fileEncoding = 4; lastKnownFileType = sourcecode.c.h; path = Plugin2ViewController.h; sourceTree = "<group>"; };
		AEC3542B1CE1B952000E643C /* Plugin2ViewController.m */ = {isa = PBXFileReference; fileEncoding = 4; lastKnownFileType = sourcecode.c.objc; path = Plugin2ViewController.m; sourceTree = "<group>"; };
		AEC3543C1CE1C33D000E643C /* Assets.xcassets */ = {isa = PBXFileReference; lastKnownFileType = folder.assetcatalog; path = Assets.xcassets; sourceTree = "<group>"; };
		AEC354441CE1C679000E643C /* AppPlugin.h */ = {isa = PBXFileReference; fileEncoding = 4; lastKnownFileType = sourcecode.c.h; path = AppPlugin.h; sourceTree = "<group>"; };
		AEC3544A1CE20CEB000E643C /* Plugin2.storyboard */ = {isa = PBXFileReference; fileEncoding = 4; lastKnownFileType = file.storyboard; path = Plugin2.storyboard; sourceTree = "<group>"; };
		AEC354611CE24B20000E643C /* Plugin2.bundle */ = {isa = PBXFileReference; explicitFileType = wrapper.cfbundle; includeInIndex = 0; path = Plugin2.bundle; sourceTree = BUILT_PRODUCTS_DIR; };
		AEC354631CE24B20000E643C /* Info.plist */ = {isa = PBXFileReference; lastKnownFileType = text.plist.xml; path = Info.plist; sourceTree = "<group>"; };
/* End PBXFileReference section */

/* Begin PBXFrameworksBuildPhase section */
		AEC3545E1CE24B20000E643C /* Frameworks */ = {
			isa = PBXFrameworksBuildPhase;
			buildActionMask = 2147483647;
			files = (
			);
			runOnlyForDeploymentPostprocessing = 0;
		};
/* End PBXFrameworksBuildPhase section */

/* Begin PBXGroup section */
		AEC354131CE1B925000E643C = {
			isa = PBXGroup;
			children = (
				AEC3541F1CE1B925000E643C /* Plugin2 */,
				AEC354401CE1C55A000E643C /* CommonPluginHeaders */,
				AEC354621CE24B20000E643C /* Plugin2 */,
				AEC3541E1CE1B925000E643C /* Products */,
			);
			sourceTree = "<group>";
		};
		AEC3541E1CE1B925000E643C /* Products */ = {
			isa = PBXGroup;
			children = (
				AEC354611CE24B20000E643C /* Plugin2.bundle */,
			);
			name = Products;
			sourceTree = "<group>";
		};
		AEC3541F1CE1B925000E643C /* Plugin2 */ = {
			isa = PBXGroup;
			children = (
				AEC354201CE1B925000E643C /* Plugin2.h */,
				AEC354281CE1B943000E643C /* Plugin2.m */,
				AEC3542A1CE1B952000E643C /* Plugin2ViewController.h */,
				AEC3542B1CE1B952000E643C /* Plugin2ViewController.m */,
				AEC3544A1CE20CEB000E643C /* Plugin2.storyboard */,
				AEC3543C1CE1C33D000E643C /* Assets.xcassets */,
				AEC354221CE1B925000E643C /* Info.plist */,
			);
			path = Plugin2;
			sourceTree = "<group>";
		};
		AEC354401CE1C55A000E643C /* CommonPluginHeaders */ = {
			isa = PBXGroup;
			children = (
				AEC354441CE1C679000E643C /* AppPlugin.h */,
			);
			name = CommonPluginHeaders;
			path = ../CommonPluginHeaders;
			sourceTree = "<group>";
		};
		AEC354621CE24B20000E643C /* Plugin2 */ = {
			isa = PBXGroup;
			children = (
				AEC354631CE24B20000E643C /* Info.plist */,
			);
			path = Plugin2;
			sourceTree = "<group>";
		};
/* End PBXGroup section */

/* Begin PBXNativeTarget section */
		AEC354601CE24B20000E643C /* Plugin2 */ = {
			isa = PBXNativeTarget;
			buildConfigurationList = AEC354641CE24B20000E643C /* Build configuration list for PBXNativeTarget "Plugin2" */;
			buildPhases = (
				AEC3545D1CE24B20000E643C /* Sources */,
				AEC3545E1CE24B20000E643C /* Frameworks */,
				AEC3545F1CE24B20000E643C /* Resources */,
			);
			buildRules = (
			);
			dependencies = (
			);
			name = Plugin2;
			productName = Plugin2;
			productReference = AEC354611CE24B20000E643C /* Plugin2.bundle */;
			productType = "com.apple.product-type.bundle";
		};
/* End PBXNativeTarget section */

/* Begin PBXProject section */
		AEC354141CE1B925000E643C /* Project object */ = {
			isa = PBXProject;
			attributes = {
				LastUpgradeCheck = 0730;
				TargetAttributes = {
					AEC354601CE24B20000E643C = {
						CreatedOnToolsVersion = 7.3;
					};
				};
			};
			buildConfigurationList = AEC354171CE1B925000E643C /* Build configuration list for PBXProject "Plugin2" */;
			compatibilityVersion = "Xcode 3.2";
			developmentRegion = English;
			hasScannedForEncodings = 0;
			knownRegions = (
				en,
			);
			mainGroup = AEC354131CE1B925000E643C;
			productRefGroup = AEC3541E1CE1B925000E643C /* Products */;
			projectDirPath = "";
			projectRoot = "";
			targets = (
				AEC354601CE24B20000E643C /* Plugin2 */,
			);
		};
/* End PBXProject section */

/* Begin PBXResourcesBuildPhase section */
		AEC3545F1CE24B20000E643C /* Resources */ = {
			isa = PBXResourcesBuildPhase;
			buildActionMask = 2147483647;
			files = (
				AEC3546A1CE24B78000E643C /* Assets.xcassets in Resources */,
				AEC354691CE24B78000E643C /* Plugin2.storyboard in Resources */,
				AEC3546B1CE24B7B000E643C /* Info.plist in Resources */,
			);
			runOnlyForDeploymentPostprocessing = 0;
		};
/* End PBXResourcesBuildPhase section */

/* Begin PBXSourcesBuildPhase section */
		AEC3545D1CE24B20000E643C /* Sources */ = {
			isa = PBXSourcesBuildPhase;
			buildActionMask = 2147483647;
			files = (
				AEC354681CE24B76000E643C /* Plugin2ViewController.m in Sources */,
				AEC354671CE24B73000E643C /* Plugin2.m in Sources */,
			);
			runOnlyForDeploymentPostprocessing = 0;
		};
/* End PBXSourcesBuildPhase section */

/* Begin XCBuildConfiguration section */
		AEC354231CE1B925000E643C /* Debug */ = {
			isa = XCBuildConfiguration;
			buildSettings = {
				ALWAYS_SEARCH_USER_PATHS = NO;
				CLANG_ANALYZER_NONNULL = YES;
				CLANG_CXX_LANGUAGE_STANDARD = "gnu++0x";
				CLANG_CXX_LIBRARY = "libc++";
				CLANG_ENABLE_MODULES = YES;
				CLANG_ENABLE_OBJC_ARC = YES;
				CLANG_WARN_BOOL_CONVERSION = YES;
				CLANG_WARN_CONSTANT_CONVERSION = YES;
				CLANG_WARN_DIRECT_OBJC_ISA_USAGE = YES_ERROR;
				CLANG_WARN_EMPTY_BODY = YES;
				CLANG_WARN_ENUM_CONVERSION = YES;
				CLANG_WARN_INT_CONVERSION = YES;
				CLANG_WARN_OBJC_ROOT_CLASS = YES_ERROR;
				CLANG_WARN_UNREACHABLE_CODE = YES;
				CLANG_WARN__DUPLICATE_METHOD_MATCH = YES;
				"CODE_SIGN_IDENTITY[sdk=iphoneos*]" = "iPhone Developer";
				COPY_PHASE_STRIP = NO;
				CURRENT_PROJECT_VERSION = 1;
				DEBUG_INFORMATION_FORMAT = dwarf;
				ENABLE_STRICT_OBJC_MSGSEND = YES;
				ENABLE_TESTABILITY = YES;
				GCC_C_LANGUAGE_STANDARD = gnu99;
				GCC_DYNAMIC_NO_PIC = NO;
				GCC_NO_COMMON_BLOCKS = YES;
				GCC_OPTIMIZATION_LEVEL = 0;
				GCC_PREPROCESSOR_DEFINITIONS = (
					"DEBUG=1",
					"$(inherited)",
				);
				GCC_WARN_64_TO_32_BIT_CONVERSION = YES;
				GCC_WARN_ABOUT_RETURN_TYPE = YES_ERROR;
				GCC_WARN_UNDECLARED_SELECTOR = YES;
				GCC_WARN_UNINITIALIZED_AUTOS = YES_AGGRESSIVE;
				GCC_WARN_UNUSED_FUNCTION = YES;
				GCC_WARN_UNUSED_VARIABLE = YES;
				IPHONEOS_DEPLOYMENT_TARGET = 9.3;
				MTL_ENABLE_DEBUG_INFO = YES;
				ONLY_ACTIVE_ARCH = YES;
				SDKROOT = iphoneos;
				TARGETED_DEVICE_FAMILY = "1,2";
				VERSIONING_SYSTEM = "apple-generic";
				VERSION_INFO_PREFIX = "";
			};
			name = Debug;
		};
		AEC354241CE1B925000E643C /* Release */ = {
			isa = XCBuildConfiguration;
			buildSettings = {
				ALWAYS_SEARCH_USER_PATHS = NO;
				CLANG_ANALYZER_NONNULL = YES;
				CLANG_CXX_LANGUAGE_STANDARD = "gnu++0x";
				CLANG_CXX_LIBRARY = "libc++";
				CLANG_ENABLE_MODULES = YES;
				CLANG_ENABLE_OBJC_ARC = YES;
				CLANG_WARN_BOOL_CONVERSION = YES;
				CLANG_WARN_CONSTANT_CONVERSION = YES;
				CLANG_WARN_DIRECT_OBJC_ISA_USAGE = YES_ERROR;
				CLANG_WARN_EMPTY_BODY = YES;
				CLANG_WARN_ENUM_CONVERSION = YES;
				CLANG_WARN_INT_CONVERSION = YES;
				CLANG_WARN_OBJC_ROOT_CLASS = YES_ERROR;
				CLANG_WARN_UNREACHABLE_CODE = YES;
				CLANG_WARN__DUPLICATE_METHOD_MATCH = YES;
				"CODE_SIGN_IDENTITY[sdk=iphoneos*]" = "iPhone Developer";
				COPY_PHASE_STRIP = NO;
				CURRENT_PROJECT_VERSION = 1;
				DEBUG_INFORMATION_FORMAT = "dwarf-with-dsym";
				ENABLE_NS_ASSERTIONS = NO;
				ENABLE_STRICT_OBJC_MSGSEND = YES;
				GCC_C_LANGUAGE_STANDARD = gnu99;
				GCC_NO_COMMON_BLOCKS = YES;
				GCC_WARN_64_TO_32_BIT_CONVERSION = YES;
				GCC_WARN_ABOUT_RETURN_TYPE = YES_ERROR;
				GCC_WARN_UNDECLARED_SELECTOR = YES;
				GCC_WARN_UNINITIALIZED_AUTOS = YES_AGGRESSIVE;
				GCC_WARN_UNUSED_FUNCTION = YES;
				GCC_WARN_UNUSED_VARIABLE = YES;
				IPHONEOS_DEPLOYMENT_TARGET = 9.3;
				MTL_ENABLE_DEBUG_INFO = NO;
				SDKROOT = iphoneos;
				TARGETED_DEVICE_FAMILY = "1,2";
				VALIDATE_PRODUCT = YES;
				VERSIONING_SYSTEM = "apple-generic";
				VERSION_INFO_PREFIX = "";
			};
			name = Release;
		};
		AEC354651CE24B20000E643C /* Debug */ = {
			isa = XCBuildConfiguration;
			buildSettings = {
				COMBINE_HIDPI_IMAGES = YES;
				INFOPLIST_FILE = Plugin2/Info.plist;
				PRODUCT_BUNDLE_IDENTIFIER = com.briancroom.Plugin2;
				PRODUCT_NAME = "$(TARGET_NAME)";
				SKIP_INSTALL = YES;
				WRAPPER_EXTENSION = bundle;
			};
			name = Debug;
		};
		AEC354661CE24B20000E643C /* Release */ = {
			isa = XCBuildConfiguration;
			buildSettings = {
				COMBINE_HIDPI_IMAGES = YES;
				INFOPLIST_FILE = Plugin2/Info.plist;
				PRODUCT_BUNDLE_IDENTIFIER = com.briancroom.Plugin2;
				PRODUCT_NAME = "$(TARGET_NAME)";
				SKIP_INSTALL = YES;
				WRAPPER_EXTENSION = bundle;
			};
			name = Release;
		};
/* End XCBuildConfiguration section */

/* Begin XCConfigurationList section */
		AEC354171CE1B925000E643C /* Build configuration list for PBXProject "Plugin2" */ = {
			isa = XCConfigurationList;
			buildConfigurations = (
				AEC354231CE1B925000E643C /* Debug */,
				AEC354241CE1B925000E643C /* Release */,
			);
			defaultConfigurationIsVisible = 0;
			defaultConfigurationName = Release;
		};
		AEC354641CE24B20000E643C /* Build configuration list for PBXNativeTarget "Plugin2" */ = {
			isa = XCConfigurationList;
			buildConfigurations = (
				AEC354651CE24B20000E643C /* Debug */,
				AEC354661CE24B20000E643C /* Release */,
			);
			defaultConfigurationIsVisible = 0;
		};
/* End XCConfigurationList section */
	};
	rootObject = AEC354141CE1B925000E643C /* Project object */;
}
